
Microsoft Visual Studio Solution File, Format Version 12.00
# Visual Studio Version 17
VisualStudioVersion = 17.4.33205.214
MinimumVisualStudioVersion = 10.0.40219.1
Project("{9A19103F-16F7-4668-BE54-9A1E7A4F7556}") = "spAutoComplete", "spAutoComplete\spAutoComplete.csproj", "{DD8CC980-F14A-42AB-8A10-EFF3F666E502}"
EndProject
Project("{2150E333-8FDC-42A3-9474-1A3956D46DE8}") = "Solution Items", "Solution Items", "{7F44AABF-2353-43DD-9641-5A61866CC19C}"
	ProjectSection(SolutionItems) = preProject
		.editorconfig = .editorconfig
	EndProjectSection
EndProject
Global
	GlobalSection(SolutionConfigurationPlatforms) = preSolution
		Debug|Any CPU = Debug|Any CPU
		Release|Any CPU = Release|Any CPU
	EndGlobalSection
	GlobalSection(ProjectConfigurationPlatforms) = postSolution
		{DD8CC980-F14A-42AB-8A10-EFF3F666E502}.Debug|Any CPU.ActiveCfg = Debug|Any CPU
		{DD8CC980-F14A-42AB-8A10-EFF3F666E502}.Debug|Any CPU.Build.0 = Debug|Any CPU
		{DD8CC980-F14A-42AB-8A10-EFF3F666E502}.Release|Any CPU.ActiveCfg = Release|Any CPU
		{DD8CC980-F14A-42AB-8A10-EFF3F666E502}.Release|Any CPU.Build.0 = Release|Any CPU
	EndGlobalSection
	GlobalSection(SolutionProperties) = preSolution
		HideSolutionNode = FALSE
	EndGlobalSection
	GlobalSection(ExtensibilityGlobals) = postSolution
		SolutionGuid = {DBF43F0E-8AB6-4428-9A02-E10D63A82AE6}
	EndGlobalSection
EndGlobal
